
Microsoft Visual Studio Solution File, Format Version 12.00
# Visual Studio Version 17
VisualStudioVersion = 17.4.33213.308
MinimumVisualStudioVersion = 10.0.40219.1
Project("{FAE04EC0-301F-11D3-BF4B-00C04F79EFBC}") = "ByteBank", "ByteBank\ByteBank.csproj", "{01AB7B2E-9B02-4EEC-8FA6-68D34F0205EC}"
EndProject
Global
	GlobalSection(SolutionConfigurationPlatforms) = preSolution
		Debug|Any CPU = Debug|Any CPU
		Release|Any CPU = Release|Any CPU
	EndGlobalSection
	GlobalSection(ProjectConfigurationPlatforms) = postSolution
		{01AB7B2E-9B02-4EEC-8FA6-68D34F0205EC}.Debug|Any CPU.ActiveCfg = Debug|Any CPU
		{01AB7B2E-9B02-4EEC-8FA6-68D34F0205EC}.Debug|Any CPU.Build.0 = Debug|Any CPU
		{01AB7B2E-9B02-4EEC-8FA6-68D34F0205EC}.Release|Any CPU.ActiveCfg = Release|Any CPU
		{01AB7B2E-9B02-4EEC-8FA6-68D34F0205EC}.Release|Any CPU.Build.0 = Release|Any CPU
	EndGlobalSection
	GlobalSection(SolutionProperties) = preSolution
		HideSolutionNode = FALSE
	EndGlobalSection
	GlobalSection(ExtensibilityGlobals) = postSolution
		SolutionGuid = {2F4AACEB-4FA7-4C69-AD64-4B541A6F4A9D}
	EndGlobalSection
EndGlobal
